
Microsoft Visual Studio Solution File, Format Version 12.00
# Visual Studio Version 16
VisualStudioVersion = 16.0.31911.196
MinimumVisualStudioVersion = 10.0.40219.1
Project("{FAE04EC0-301F-11D3-BF4B-00C04F79EFBC}") = "HW13122021", "HW13122021.csproj", "{C763642F-251F-4220-AA7A-485264A366C4}"
EndProject
Global
	GlobalSection(SolutionConfigurationPlatforms) = preSolution
		Debug|Any CPU = Debug|Any CPU
		Release|Any CPU = Release|Any CPU
	EndGlobalSection
	GlobalSection(ProjectConfigurationPlatforms) = postSolution
		{C763642F-251F-4220-AA7A-485264A366C4}.Debug|Any CPU.ActiveCfg = Debug|Any CPU
		{C763642F-251F-4220-AA7A-485264A366C4}.Debug|Any CPU.Build.0 = Debug|Any CPU
		{C763642F-251F-4220-AA7A-485264A366C4}.Release|Any CPU.ActiveCfg = Release|Any CPU
		{C763642F-251F-4220-AA7A-485264A366C4}.Release|Any CPU.Build.0 = Release|Any CPU
	EndGlobalSection
	GlobalSection(SolutionProperties) = preSolution
		HideSolutionNode = FALSE
	EndGlobalSection
	GlobalSection(ExtensibilityGlobals) = postSolution
		SolutionGuid = {9D64252F-AAAB-446A-BEF5-AB34FB928F37}
	EndGlobalSection
EndGlobal
